// !$*UTF8*$!
{
	archiveVersion = 1;
	classes = {
	};
	objectVersion = 46;
	objects = {

/* Begin PBXBuildFile section */
		00A9DC231876BB6500767ECA /* Foundation.framework in Frameworks */ = {isa = PBXBuildFile; fileRef = 00A9DC221876BB6500767ECA /* Foundation.framework */; };
		00A9DC251876BB6500767ECA /* CoreGraphics.framework in Frameworks */ = {isa = PBXBuildFile; fileRef = 00A9DC241876BB6500767ECA /* CoreGraphics.framework */; };
		00A9DC271876BB6500767ECA /* UIKit.framework in Frameworks */ = {isa = PBXBuildFile; fileRef = 00A9DC261876BB6500767ECA /* UIKit.framework */; };
		00A9DC2D1876BB6500767ECA /* InfoPlist.strings in Resources */ = {isa = PBXBuildFile; fileRef = 00A9DC2B1876BB6500767ECA /* InfoPlist.strings */; };
		00A9DC2F1876BB6500767ECA /* main.m in Sources */ = {isa = PBXBuildFile; fileRef = 00A9DC2E1876BB6500767ECA /* main.m */; };
		00A9DC331876BB6500767ECA /* AppDelegate.m in Sources */ = {isa = PBXBuildFile; fileRef = 00A9DC321876BB6500767ECA /* AppDelegate.m */; };
		00A9DC361876BB6500767ECA /* Main.storyboard in Resources */ = {isa = PBXBuildFile; fileRef = 00A9DC341876BB6500767ECA /* Main.storyboard */; };
		00A9DC391876BB6500767ECA /* ViewController.m in Sources */ = {isa = PBXBuildFile; fileRef = 00A9DC381876BB6500767ECA /* ViewController.m */; };
		00A9DC3B1876BB6600767ECA /* Images.xcassets in Resources */ = {isa = PBXBuildFile; fileRef = 00A9DC3A1876BB6600767ECA /* Images.xcassets */; };
		00A9DC421876BB6600767ECA /* XCTest.framework in Frameworks */ = {isa = PBXBuildFile; fileRef = 00A9DC411876BB6600767ECA /* XCTest.framework */; };
		00A9DC431876BB6600767ECA /* Foundation.framework in Frameworks */ = {isa = PBXBuildFile; fileRef = 00A9DC221876BB6500767ECA /* Foundation.framework */; };
		00A9DC441876BB6600767ECA /* UIKit.framework in Frameworks */ = {isa = PBXBuildFile; fileRef = 00A9DC261876BB6500767ECA /* UIKit.framework */; };
		00A9DC4C1876BB6600767ECA /* InfoPlist.strings in Resources */ = {isa = PBXBuildFile; fileRef = 00A9DC4A1876BB6600767ECA /* InfoPlist.strings */; };
		00A9DC4E1876BB6600767ECA /* KeyboardTestTests.m in Sources */ = {isa = PBXBuildFile; fileRef = 00A9DC4D1876BB6600767ECA /* KeyboardTestTests.m */; };
/* End PBXBuildFile section */

/* Begin PBXContainerItemProxy section */
		00A9DC451876BB6600767ECA /* PBXContainerItemProxy */ = {
			isa = PBXContainerItemProxy;
			containerPortal = 00A9DC171876BB6500767ECA /* Project object */;
			proxyType = 1;
			remoteGlobalIDString = 00A9DC1E1876BB6500767ECA;
			remoteInfo = KeyboardTest;
		};
/* End PBXContainerItemProxy section */

/* Begin PBXFileReference section */
		00A9DC1F1876BB6500767ECA /* KeyboardTest.app */ = {isa = PBXFileReference; explicitFileType = wrapper.application; includeInIndex = 0; path = KeyboardTest.app; sourceTree = BUILT_PRODUCTS_DIR; };
		00A9DC221876BB6500767ECA /* Foundation.framework */ = {isa = PBXFileReference; lastKnownFileType = wrapper.framework; name = Foundation.framework; path = System/Library/Frameworks/Foundation.framework; sourceTree = SDKROOT; };
		00A9DC241876BB6500767ECA /* CoreGraphics.framework */ = {isa = PBXFileReference; lastKnownFileType = wrapper.framework; name = CoreGraphics.framework; path = System/Library/Frameworks/CoreGraphics.framework; sourceTree = SDKROOT; };
		00A9DC261876BB6500767ECA /* UIKit.framework */ = {isa = PBXFileReference; lastKnownFileType = wrapper.framework; name = UIKit.framework; path = System/Library/Frameworks/UIKit.framework; sourceTree = SDKROOT; };
		00A9DC2A1876BB6500767ECA /* KeyboardTest-Info.plist */ = {isa = PBXFileReference; lastKnownFileType = text.plist.xml; path = "KeyboardTest-Info.plist"; sourceTree = "<group>"; };
		00A9DC2C1876BB6500767ECA /* en */ = {isa = PBXFileReference; lastKnownFileType = text.plist.strings; name = en; path = en.lproj/InfoPlist.strings; sourceTree = "<group>"; };
		00A9DC2E1876BB6500767ECA /* main.m */ = {isa = PBXFileReference; lastKnownFileType = sourcecode.c.objc; path = main.m; sourceTree = "<group>"; };
		00A9DC301876BB6500767ECA /* KeyboardTest-Prefix.pch */ = {isa = PBXFileReference; lastKnownFileType = sourcecode.c.h; path = "KeyboardTest-Prefix.pch"; sourceTree = "<group>"; };
		00A9DC311876BB6500767ECA /* AppDelegate.h */ = {isa = PBXFileReference; lastKnownFileType = sourcecode.c.h; path = AppDelegate.h; sourceTree = "<group>"; };
		00A9DC321876BB6500767ECA /* AppDelegate.m */ = {isa = PBXFileReference; lastKnownFileType = sourcecode.c.objc; path = AppDelegate.m; sourceTree = "<group>"; };
		00A9DC351876BB6500767ECA /* Base */ = {isa = PBXFileReference; lastKnownFileType = file.storyboard; name = Base; path = Base.lproj/Main.storyboard; sourceTree = "<group>"; };
		00A9DC371876BB6500767ECA /* ViewController.h */ = {isa = PBXFileReference; lastKnownFileType = sourcecode.c.h; path = ViewController.h; sourceTree = "<group>"; };
		00A9DC381876BB6500767ECA /* ViewController.m */ = {isa = PBXFileReference; lastKnownFileType = sourcecode.c.objc; path = ViewController.m; sourceTree = "<group>"; };
		00A9DC3A1876BB6600767ECA /* Images.xcassets */ = {isa = PBXFileReference; lastKnownFileType = folder.assetcatalog; path = Images.xcassets; sourceTree = "<group>"; };
		00A9DC401876BB6600767ECA /* KeyboardTestTests.xctest */ = {isa = PBXFileReference; explicitFileType = wrapper.cfbundle; includeInIndex = 0; path = KeyboardTestTests.xctest; sourceTree = BUILT_PRODUCTS_DIR; };
		00A9DC411876BB6600767ECA /* XCTest.framework */ = {isa = PBXFileReference; lastKnownFileType = wrapper.framework; name = XCTest.framework; path = Library/Frameworks/XCTest.framework; sourceTree = DEVELOPER_DIR; };
		00A9DC491876BB6600767ECA /* KeyboardTestTests-Info.plist */ = {isa = PBXFileReference; lastKnownFileType = text.plist.xml; path = "KeyboardTestTests-Info.plist"; sourceTree = "<group>"; };
		00A9DC4B1876BB6600767ECA /* en */ = {isa = PBXFileReference; lastKnownFileType = text.plist.strings; name = en; path = en.lproj/InfoPlist.strings; sourceTree = "<group>"; };
		00A9DC4D1876BB6600767ECA /* KeyboardTestTests.m */ = {isa = PBXFileReference; lastKnownFileType = sourcecode.c.objc; path = KeyboardTestTests.m; sourceTree = "<group>"; };
/* End PBXFileReference section */

/* Begin PBXFrameworksBuildPhase section */
		00A9DC1C1876BB6500767ECA /* Frameworks */ = {
			isa = PBXFrameworksBuildPhase;
			buildActionMask = 2147483647;
			files = (
				00A9DC251876BB6500767ECA /* CoreGraphics.framework in Frameworks */,
				00A9DC271876BB6500767ECA /* UIKit.framework in Frameworks */,
				00A9DC231876BB6500767ECA /* Foundation.framework in Frameworks */,
			);
			runOnlyForDeploymentPostprocessing = 0;
		};
		00A9DC3D1876BB6600767ECA /* Frameworks */ = {
			isa = PBXFrameworksBuildPhase;
			buildActionMask = 2147483647;
			files = (
				00A9DC421876BB6600767ECA /* XCTest.framework in Frameworks */,
				00A9DC441876BB6600767ECA /* UIKit.framework in Frameworks */,
				00A9DC431876BB6600767ECA /* Foundation.framework in Frameworks */,
			);
			runOnlyForDeploymentPostprocessing = 0;
		};
/* End PBXFrameworksBuildPhase section */

/* Begin PBXGroup section */
		00A9DC161876BB6500767ECA = {
			isa = PBXGroup;
			children = (
				00A9DC281876BB6500767ECA /* KeyboardTest */,
				00A9DC471876BB6600767ECA /* KeyboardTestTests */,
				00A9DC211876BB6500767ECA /* Frameworks */,
				00A9DC201876BB6500767ECA /* Products */,
			);
			sourceTree = "<group>";
		};
		00A9DC201876BB6500767ECA /* Products */ = {
			isa = PBXGroup;
			children = (
				00A9DC1F1876BB6500767ECA /* KeyboardTest.app */,
				00A9DC401876BB6600767ECA /* KeyboardTestTests.xctest */,
			);
			name = Products;
			sourceTree = "<group>";
		};
		00A9DC211876BB6500767ECA /* Frameworks */ = {
			isa = PBXGroup;
			children = (
				00A9DC221876BB6500767ECA /* Foundation.framework */,
				00A9DC241876BB6500767ECA /* CoreGraphics.framework */,
				00A9DC261876BB6500767ECA /* UIKit.framework */,
				00A9DC411876BB6600767ECA /* XCTest.framework */,
			);
			name = Frameworks;
			sourceTree = "<group>";
		};
		00A9DC281876BB6500767ECA /* KeyboardTest */ = {
			isa = PBXGroup;
			children = (
				00A9DC311876BB6500767ECA /* AppDelegate.h */,
				00A9DC321876BB6500767ECA /* AppDelegate.m */,
				00A9DC341876BB6500767ECA /* Main.storyboard */,
				00A9DC371876BB6500767ECA /* ViewController.h */,
				00A9DC381876BB6500767ECA /* ViewController.m */,
				00A9DC3A1876BB6600767ECA /* Images.xcassets */,
				00A9DC291876BB6500767ECA /* Supporting Files */,
			);
			path = KeyboardTest;
			sourceTree = "<group>";
		};
		00A9DC291876BB6500767ECA /* Supporting Files */ = {
			isa = PBXGroup;
			children = (
				00A9DC2A1876BB6500767ECA /* KeyboardTest-Info.plist */,
				00A9DC2B1876BB6500767ECA /* InfoPlist.strings */,
				00A9DC2E1876BB6500767ECA /* main.m */,
				00A9DC301876BB6500767ECA /* KeyboardTest-Prefix.pch */,
			);
			name = "Supporting Files";
			sourceTree = "<group>";
		};
		00A9DC471876BB6600767ECA /* KeyboardTestTests */ = {
			isa = PBXGroup;
			children = (
				00A9DC4D1876BB6600767ECA /* KeyboardTestTests.m */,
				00A9DC481876BB6600767ECA /* Supporting Files */,
			);
			path = KeyboardTestTests;
			sourceTree = "<group>";
		};
		00A9DC481876BB6600767ECA /* Supporting Files */ = {
			isa = PBXGroup;
			children = (
				00A9DC491876BB6600767ECA /* KeyboardTestTests-Info.plist */,
				00A9DC4A1876BB6600767ECA /* InfoPlist.strings */,
			);
			name = "Supporting Files";
			sourceTree = "<group>";
		};
/* End PBXGroup section */

/* Begin PBXNativeTarget section */
		00A9DC1E1876BB6500767ECA /* KeyboardTest */ = {
			isa = PBXNativeTarget;
			buildConfigurationList = 00A9DC511876BB6600767ECA /* Build configuration list for PBXNativeTarget "KeyboardTest" */;
			buildPhases = (
				00A9DC1B1876BB6500767ECA /* Sources */,
				00A9DC1C1876BB6500767ECA /* Frameworks */,
				00A9DC1D1876BB6500767ECA /* Resources */,
			);
			buildRules = (
			);
			dependencies = (
			);
			name = KeyboardTest;
			productName = KeyboardTest;
			productReference = 00A9DC1F1876BB6500767ECA /* KeyboardTest.app */;
			productType = "com.apple.product-type.application";
		};
		00A9DC3F1876BB6600767ECA /* KeyboardTestTests */ = {
			isa = PBXNativeTarget;
			buildConfigurationList = 00A9DC541876BB6600767ECA /* Build configuration list for PBXNativeTarget "KeyboardTestTests" */;
			buildPhases = (
				00A9DC3C1876BB6600767ECA /* Sources */,
				00A9DC3D1876BB6600767ECA /* Frameworks */,
				00A9DC3E1876BB6600767ECA /* Resources */,
			);
			buildRules = (
			);
			dependencies = (
				00A9DC461876BB6600767ECA /* PBXTargetDependency */,
			);
			name = KeyboardTestTests;
			productName = KeyboardTestTests;
			productReference = 00A9DC401876BB6600767ECA /* KeyboardTestTests.xctest */;
			productType = "com.apple.product-type.bundle.unit-test";
		};
/* End PBXNativeTarget section */

/* Begin PBXProject section */
		00A9DC171876BB6500767ECA /* Project object */ = {
			isa = PBXProject;
			attributes = {
				LastUpgradeCheck = 0500;
				ORGANIZATIONNAME = "SDT-1";
				TargetAttributes = {
					00A9DC3F1876BB6600767ECA = {
						TestTargetID = 00A9DC1E1876BB6500767ECA;
					};
				};
			};
			buildConfigurationList = 00A9DC1A1876BB6500767ECA /* Build configuration list for PBXProject "KeyboardTest" */;
			compatibilityVersion = "Xcode 3.2";
			developmentRegion = English;
			hasScannedForEncodings = 0;
			knownRegions = (
				en,
				Base,
			);
			mainGroup = 00A9DC161876BB6500767ECA;
			productRefGroup = 00A9DC201876BB6500767ECA /* Products */;
			projectDirPath = "";
			projectRoot = "";
			targets = (
				00A9DC1E1876BB6500767ECA /* KeyboardTest */,
				00A9DC3F1876BB6600767ECA /* KeyboardTestTests */,
			);
		};
/* End PBXProject section */

/* Begin PBXResourcesBuildPhase section */
		00A9DC1D1876BB6500767ECA /* Resources */ = {
			isa = PBXResourcesBuildPhase;
			buildActionMask = 2147483647;
			files = (
				00A9DC3B1876BB6600767ECA /* Images.xcassets in Resources */,
				00A9DC2D1876BB6500767ECA /* InfoPlist.strings in Resources */,
				00A9DC361876BB6500767ECA /* Main.storyboard in Resources */,
			);
			runOnlyForDeploymentPostprocessing = 0;
		};
		00A9DC3E1876BB6600767ECA /* Resources */ = {
			isa = PBXResourcesBuildPhase;
			buildActionMask = 2147483647;
			files = (
				00A9DC4C1876BB6600767ECA /* InfoPlist.strings in Resources */,
			);
			runOnlyForDeploymentPostprocessing = 0;
		};
/* End PBXResourcesBuildPhase section */

/* Begin PBXSourcesBuildPhase section */
		00A9DC1B1876BB6500767ECA /* Sources */ = {
			isa = PBXSourcesBuildPhase;
			buildActionMask = 2147483647;
			files = (
				00A9DC391876BB6500767ECA /* ViewController.m in Sources */,
				00A9DC331876BB6500767ECA /* AppDelegate.m in Sources */,
				00A9DC2F1876BB6500767ECA /* main.m in Sources */,
			);
			runOnlyForDeploymentPostprocessing = 0;
		};
		00A9DC3C1876BB6600767ECA /* Sources */ = {
			isa = PBXSourcesBuildPhase;
			buildActionMask = 2147483647;
			files = (
				00A9DC4E1876BB6600767ECA /* KeyboardTestTests.m in Sources */,
			);
			runOnlyForDeploymentPostprocessing = 0;
		};
/* End PBXSourcesBuildPhase section */

/* Begin PBXTargetDependency section */
		00A9DC461876BB6600767ECA /* PBXTargetDependency */ = {
			isa = PBXTargetDependency;
			target = 00A9DC1E1876BB6500767ECA /* KeyboardTest */;
			targetProxy = 00A9DC451876BB6600767ECA /* PBXContainerItemProxy */;
		};
/* End PBXTargetDependency section */

/* Begin PBXVariantGroup section */
		00A9DC2B1876BB6500767ECA /* InfoPlist.strings */ = {
			isa = PBXVariantGroup;
			children = (
				00A9DC2C1876BB6500767ECA /* en */,
			);
			name = InfoPlist.strings;
			sourceTree = "<group>";
		};
		00A9DC341876BB6500767ECA /* Main.storyboard */ = {
			isa = PBXVariantGroup;
			children = (
				00A9DC351876BB6500767ECA /* Base */,
			);
			name = Main.storyboard;
			sourceTree = "<group>";
		};
		00A9DC4A1876BB6600767ECA /* InfoPlist.strings */ = {
			isa = PBXVariantGroup;
			children = (
				00A9DC4B1876BB6600767ECA /* en */,
			);
			name = InfoPlist.strings;
			sourceTree = "<group>";
		};
/* End PBXVariantGroup section */

/* Begin XCBuildConfiguration section */
		00A9DC4F1876BB6600767ECA /* Debug */ = {
			isa = XCBuildConfiguration;
			buildSettings = {
				ALWAYS_SEARCH_USER_PATHS = NO;
				ARCHS = "$(ARCHS_STANDARD_INCLUDING_64_BIT)";
				CLANG_CXX_LANGUAGE_STANDARD = "gnu++0x";
				CLANG_CXX_LIBRARY = "libc++";
				CLANG_ENABLE_MODULES = YES;
				CLANG_ENABLE_OBJC_ARC = YES;
				CLANG_WARN_BOOL_CONVERSION = YES;
				CLANG_WARN_CONSTANT_CONVERSION = YES;
				CLANG_WARN_DIRECT_OBJC_ISA_USAGE = YES_ERROR;
				CLANG_WARN_EMPTY_BODY = YES;
				CLANG_WARN_ENUM_CONVERSION = YES;
				CLANG_WARN_INT_CONVERSION = YES;
				CLANG_WARN_OBJC_ROOT_CLASS = YES_ERROR;
				CLANG_WARN__DUPLICATE_METHOD_MATCH = YES;
				"CODE_SIGN_IDENTITY[sdk=iphoneos*]" = "iPhone Developer";
				COPY_PHASE_STRIP = NO;
				GCC_C_LANGUAGE_STANDARD = gnu99;
				GCC_DYNAMIC_NO_PIC = NO;
				GCC_OPTIMIZATION_LEVEL = 0;
				GCC_PREPROCESSOR_DEFINITIONS = (
					"DEBUG=1",
					"$(inherited)",
				);
				GCC_SYMBOLS_PRIVATE_EXTERN = NO;
				GCC_WARN_64_TO_32_BIT_CONVERSION = YES;
				GCC_WARN_ABOUT_RETURN_TYPE = YES_ERROR;
				GCC_WARN_UNDECLARED_SELECTOR = YES;
				GCC_WARN_UNINITIALIZED_AUTOS = YES;
				GCC_WARN_UNUSED_FUNCTION = YES;
				GCC_WARN_UNUSED_VARIABLE = YES;
				IPHONEOS_DEPLOYMENT_TARGET = 7.0;
				ONLY_ACTIVE_ARCH = YES;
				SDKROOT = iphoneos;
			};
			name = Debug;
		};
		00A9DC501876BB6600767ECA /* Release */ = {
			isa = XCBuildConfiguration;
			buildSettings = {
				ALWAYS_SEARCH_USER_PATHS = NO;
				ARCHS = "$(ARCHS_STANDARD_INCLUDING_64_BIT)";
				CLANG_CXX_LANGUAGE_STANDARD = "gnu++0x";
				CLANG_CXX_LIBRARY = "libc++";
				CLANG_ENABLE_MODULES = YES;
				CLANG_ENABLE_OBJC_ARC = YES;
				CLANG_WARN_BOOL_CONVERSION = YES;
				CLANG_WARN_CONSTANT_CONVERSION = YES;
				CLANG_WARN_DIRECT_OBJC_ISA_USAGE = YES_ERROR;
				CLANG_WARN_EMPTY_BODY = YES;
				CLANG_WARN_ENUM_CONVERSION = YES;
				CLANG_WARN_INT_CONVERSION = YES;
				CLANG_WARN_OBJC_ROOT_CLASS = YES_ERROR;
				CLANG_WARN__DUPLICATE_METHOD_MATCH = YES;
				"CODE_SIGN_IDENTITY[sdk=iphoneos*]" = "iPhone Developer";
				COPY_PHASE_STRIP = YES;
				ENABLE_NS_ASSERTIONS = NO;
				GCC_C_LANGUAGE_STANDARD = gnu99;
				GCC_WARN_64_TO_32_BIT_CONVERSION = YES;
				GCC_WARN_ABOUT_RETURN_TYPE = YES_ERROR;
				GCC_WARN_UNDECLARED_SELECTOR = YES;
				GCC_WARN_UNINITIALIZED_AUTOS = YES;
				GCC_WARN_UNUSED_FUNCTION = YES;
				GCC_WARN_UNUSED_VARIABLE = YES;
				IPHONEOS_DEPLOYMENT_TARGET = 7.0;
				SDKROOT = iphoneos;
				VALIDATE_PRODUCT = YES;
			};
			name = Release;
		};
		00A9DC521876BB6600767ECA /* Debug */ = {
			isa = XCBuildConfiguration;
			buildSettings = {
				ASSETCATALOG_COMPILER_APPICON_NAME = AppIcon;
				ASSETCATALOG_COMPILER_LAUNCHIMAGE_NAME = LaunchImage;
				GCC_PRECOMPILE_PREFIX_HEADER = YES;
				GCC_PREFIX_HEADER = "KeyboardTest/KeyboardTest-Prefix.pch";
				INFOPLIST_FILE = "KeyboardTest/KeyboardTest-Info.plist";
				PRODUCT_NAME = "$(TARGET_NAME)";
				WRAPPER_EXTENSION = app;
			};
			name = Debug;
		};
		00A9DC531876BB6600767ECA /* Release */ = {
			isa = XCBuildConfiguration;
			buildSettings = {
				ASSETCATALOG_COMPILER_APPICON_NAME = AppIcon;
				ASSETCATALOG_COMPILER_LAUNCHIMAGE_NAME = LaunchImage;
				GCC_PRECOMPILE_PREFIX_HEADER = YES;
				GCC_PREFIX_HEADER = "KeyboardTest/KeyboardTest-Prefix.pch";
				INFOPLIST_FILE = "KeyboardTest/KeyboardTest-Info.plist";
				PRODUCT_NAME = "$(TARGET_NAME)";
				WRAPPER_EXTENSION = app;
			};
			name = Release;
		};
		00A9DC551876BB6600767ECA /* Debug */ = {
			isa = XCBuildConfiguration;
			buildSettings = {
				ARCHS = "$(ARCHS_STANDARD_INCLUDING_64_BIT)";
				BUNDLE_LOADER = "$(BUILT_PRODUCTS_DIR)/KeyboardTest.app/KeyboardTest";
				FRAMEWORK_SEARCH_PATHS = (
					"$(SDKROOT)/Developer/Library/Frameworks",
					"$(inherited)",
					"$(DEVELOPER_FRAMEWORKS_DIR)",
				);
				GCC_PRECOMPILE_PREFIX_HEADER = YES;
				GCC_PREFIX_HEADER = "KeyboardTest/KeyboardTest-Prefix.pch";
				GCC_PREPROCESSOR_DEFINITIONS = (
					"DEBUG=1",
					"$(inherited)",
				);
				INFOPLIST_FILE = "KeyboardTestTests/KeyboardTestTests-Info.plist";
				PRODUCT_NAME = "$(TARGET_NAME)";
				TEST_HOST = "$(BUNDLE_LOADER)";
				WRAPPER_EXTENSION = xctest;
			};
			name = Debug;
		};
		00A9DC561876BB6600767ECA /* Release */ = {
			isa = XCBuildConfiguration;
			buildSettings = {
				ARCHS = "$(ARCHS_STANDARD_INCLUDING_64_BIT)";
				BUNDLE_LOADER = "$(BUILT_PRODUCTS_DIR)/KeyboardTest.app/KeyboardTest";
				FRAMEWORK_SEARCH_PATHS = (
					"$(SDKROOT)/Developer/Library/Frameworks",
					"$(inherited)",
					"$(DEVELOPER_FRAMEWORKS_DIR)",
				);
				GCC_PRECOMPILE_PREFIX_HEADER = YES;
				GCC_PREFIX_HEADER = "KeyboardTest/KeyboardTest-Prefix.pch";
				INFOPLIST_FILE = "KeyboardTestTests/KeyboardTestTests-Info.plist";
				PRODUCT_NAME = "$(TARGET_NAME)";
				TEST_HOST = "$(BUNDLE_LOADER)";
				WRAPPER_EXTENSION = xctest;
			};
			name = Release;
		};
/* End XCBuildConfiguration section */

/* Begin XCConfigurationList section */
		00A9DC1A1876BB6500767ECA /* Build configuration list for PBXProject "KeyboardTest" */ = {
			isa = XCConfigurationList;
			buildConfigurations = (
				00A9DC4F1876BB6600767ECA /* Debug */,
				00A9DC501876BB6600767ECA /* Release */,
			);
			defaultConfigurationIsVisible = 0;
			defaultConfigurationName = Release;
		};
		00A9DC511876BB6600767ECA /* Build configuration list for PBXNativeTarget "KeyboardTest" */ = {
			isa = XCConfigurationList;
			buildConfigurations = (
				00A9DC521876BB6600767ECA /* Debug */,
				00A9DC531876BB6600767ECA /* Release */,
			);
			defaultConfigurationIsVisible = 0;
		};
		00A9DC541876BB6600767ECA /* Build configuration list for PBXNativeTarget "KeyboardTestTests" */ = {
			isa = XCConfigurationList;
			buildConfigurations = (
				00A9DC551876BB6600767ECA /* Debug */,
				00A9DC561876BB6600767ECA /* Release */,
			);
			defaultConfigurationIsVisible = 0;
		};
/* End XCConfigurationList section */
	};
	rootObject = 00A9DC171876BB6500767ECA /* Project object */;
}
